
Microsoft Visual Studio Solution File, Format Version 12.00
# Visual Studio 2012
Project("{FAE04EC0-301F-11D3-BF4B-00C04F79EFBC}") = "ChronosVM 2", "ChronosVM 2\ChronosVM 2.csproj", "{812757D2-10E6-4B40-A392-60A808F7CF4F}"
EndProject
Project("{FAE04EC0-301F-11D3-BF4B-00C04F79EFBC}") = "AssemblerLib", "AssemblerLib\AssemblerLib.csproj", "{00B39093-25D6-4A91-A7A9-A85ED44DD78F}"
EndProject
Project("{FAE04EC0-301F-11D3-BF4B-00C04F79EFBC}") = "Assembler", "Assembler\Assembler.csproj", "{07B205D9-502F-4FDB-95E7-01DD23DE6222}"
EndProject
Project("{FAE04EC0-301F-11D3-BF4B-00C04F79EFBC}") = "SharpRock", "SharpRock\SharpRock.csproj", "{C8F013CD-E114-4BBB-8630-40E5949BE1DC}"
EndProject
Global
	GlobalSection(SolutionConfigurationPlatforms) = preSolution
		Debug|Any CPU = Debug|Any CPU
		Release|Any CPU = Release|Any CPU
	EndGlobalSection
	GlobalSection(ProjectConfigurationPlatforms) = postSolution
		{812757D2-10E6-4B40-A392-60A808F7CF4F}.Debug|Any CPU.ActiveCfg = Debug|Any CPU
		{812757D2-10E6-4B40-A392-60A808F7CF4F}.Debug|Any CPU.Build.0 = Debug|Any CPU
		{812757D2-10E6-4B40-A392-60A808F7CF4F}.Release|Any CPU.ActiveCfg = Release|Any CPU
		{812757D2-10E6-4B40-A392-60A808F7CF4F}.Release|Any CPU.Build.0 = Release|Any CPU
		{00B39093-25D6-4A91-A7A9-A85ED44DD78F}.Debug|Any CPU.ActiveCfg = Debug|Any CPU
		{00B39093-25D6-4A91-A7A9-A85ED44DD78F}.Debug|Any CPU.Build.0 = Debug|Any CPU
		{00B39093-25D6-4A91-A7A9-A85ED44DD78F}.Release|Any CPU.ActiveCfg = Release|Any CPU
		{00B39093-25D6-4A91-A7A9-A85ED44DD78F}.Release|Any CPU.Build.0 = Release|Any CPU
		{07B205D9-502F-4FDB-95E7-01DD23DE6222}.Debug|Any CPU.ActiveCfg = Debug|Any CPU
		{07B205D9-502F-4FDB-95E7-01DD23DE6222}.Debug|Any CPU.Build.0 = Debug|Any CPU
		{07B205D9-502F-4FDB-95E7-01DD23DE6222}.Release|Any CPU.ActiveCfg = Release|Any CPU
		{07B205D9-502F-4FDB-95E7-01DD23DE6222}.Release|Any CPU.Build.0 = Release|Any CPU
		{C8F013CD-E114-4BBB-8630-40E5949BE1DC}.Debug|Any CPU.ActiveCfg = Debug|Any CPU
		{C8F013CD-E114-4BBB-8630-40E5949BE1DC}.Debug|Any CPU.Build.0 = Debug|Any CPU
		{C8F013CD-E114-4BBB-8630-40E5949BE1DC}.Release|Any CPU.ActiveCfg = Release|Any CPU
		{C8F013CD-E114-4BBB-8630-40E5949BE1DC}.Release|Any CPU.Build.0 = Release|Any CPU
	EndGlobalSection
	GlobalSection(SolutionProperties) = preSolution
		HideSolutionNode = FALSE
	EndGlobalSection
EndGlobal
